
Microsoft Visual Studio Solution File, Format Version 12.00
# Visual Studio Version 17
VisualStudioVersion = 17.9.34701.34
MinimumVisualStudioVersion = 10.0.40219.1
Project("{FAE04EC0-301F-11D3-BF4B-00C04F79EFBC}") = "APPLICATION DEMO", "APPLICATION DEMO\APPLICATION DEMO.csproj", "{DF1A112A-507B-408C-BB3C-1187EAA4F330}"
EndProject
Global
	GlobalSection(SolutionConfigurationPlatforms) = preSolution
		Debug|Any CPU = Debug|Any CPU
		Release|Any CPU = Release|Any CPU
	EndGlobalSection
	GlobalSection(ProjectConfigurationPlatforms) = postSolution
		{DF1A112A-507B-408C-BB3C-1187EAA4F330}.Debug|Any CPU.ActiveCfg = Debug|Any CPU
		{DF1A112A-507B-408C-BB3C-1187EAA4F330}.Debug|Any CPU.Build.0 = Debug|Any CPU
		{DF1A112A-507B-408C-BB3C-1187EAA4F330}.Release|Any CPU.ActiveCfg = Release|Any CPU
		{DF1A112A-507B-408C-BB3C-1187EAA4F330}.Release|Any CPU.Build.0 = Release|Any CPU
	EndGlobalSection
	GlobalSection(SolutionProperties) = preSolution
		HideSolutionNode = FALSE
	EndGlobalSection
	GlobalSection(ExtensibilityGlobals) = postSolution
		SolutionGuid = {B90B22BB-2DAC-4A3D-B25E-05EA39F444D0}
	EndGlobalSection
EndGlobal
